// !$*UTF8*$!
{
	archiveVersion = 1;
	classes = {
	};
	objectVersion = 46;
	objects = {

/* Begin PBXBuildFile section */
		EA1EC31D1838B60F00F46176 /* CLoginInfo.m in Sources */ = {isa = PBXBuildFile; fileRef = EA1EC31C1838B60F00F46176 /* CLoginInfo.m */; };
		EA1EC3231838FA5300F46176 /* bg3.jpg in Resources */ = {isa = PBXBuildFile; fileRef = EA1EC3221838FA5300F46176 /* bg3.jpg */; };
		EA203AEB183133F4000B08C3 /* Foundation.framework in Frameworks */ = {isa = PBXBuildFile; fileRef = EA203AEA183133F4000B08C3 /* Foundation.framework */; };
		EA203AED183133F4000B08C3 /* CoreGraphics.framework in Frameworks */ = {isa = PBXBuildFile; fileRef = EA203AEC183133F4000B08C3 /* CoreGraphics.framework */; };
		EA203AEF183133F4000B08C3 /* UIKit.framework in Frameworks */ = {isa = PBXBuildFile; fileRef = EA203AEE183133F4000B08C3 /* UIKit.framework */; };
		EA203AF5183133F4000B08C3 /* InfoPlist.strings in Resources */ = {isa = PBXBuildFile; fileRef = EA203AF3183133F4000B08C3 /* InfoPlist.strings */; };
		EA203AF7183133F4000B08C3 /* main.m in Sources */ = {isa = PBXBuildFile; fileRef = EA203AF6183133F4000B08C3 /* main.m */; };
		EA203AFB183133F4000B08C3 /* AppDelegate.m in Sources */ = {isa = PBXBuildFile; fileRef = EA203AFA183133F4000B08C3 /* AppDelegate.m */; };
		EA203AFD183133F4000B08C3 /* Images.xcassets in Resources */ = {isa = PBXBuildFile; fileRef = EA203AFC183133F4000B08C3 /* Images.xcassets */; };
		EA203B04183133F4000B08C3 /* XCTest.framework in Frameworks */ = {isa = PBXBuildFile; fileRef = EA203B03183133F4000B08C3 /* XCTest.framework */; };
		EA203B05183133F4000B08C3 /* Foundation.framework in Frameworks */ = {isa = PBXBuildFile; fileRef = EA203AEA183133F4000B08C3 /* Foundation.framework */; };
		EA203B06183133F4000B08C3 /* UIKit.framework in Frameworks */ = {isa = PBXBuildFile; fileRef = EA203AEE183133F4000B08C3 /* UIKit.framework */; };
		EA203B0E183133F4000B08C3 /* InfoPlist.strings in Resources */ = {isa = PBXBuildFile; fileRef = EA203B0C183133F4000B08C3 /* InfoPlist.strings */; };
		EA203B10183133F4000B08C3 /* qichengTests.m in Sources */ = {isa = PBXBuildFile; fileRef = EA203B0F183133F4000B08C3 /* qichengTests.m */; };
		EA203B1C1831356A000B08C3 /* LoginViewController.m in Sources */ = {isa = PBXBuildFile; fileRef = EA203B1B1831356A000B08C3 /* LoginViewController.m */; };
		EA6E4C7B1837A7AF00202A38 /* AsyncSocket.m in Sources */ = {isa = PBXBuildFile; fileRef = EA6E4C781837A7AF00202A38 /* AsyncSocket.m */; };
		EA6E4C7C1837A7AF00202A38 /* AsyncUdpSocket.m in Sources */ = {isa = PBXBuildFile; fileRef = EA6E4C7A1837A7AF00202A38 /* AsyncUdpSocket.m */; };
		EA6E4C7E1837BA4B00202A38 /* CFNetwork.framework in Frameworks */ = {isa = PBXBuildFile; fileRef = EA6E4C7D1837BA4B00202A38 /* CFNetwork.framework */; };
/* End PBXBuildFile section */

/* Begin PBXContainerItemProxy section */
		EA203B07183133F4000B08C3 /* PBXContainerItemProxy */ = {
			isa = PBXContainerItemProxy;
			containerPortal = EA203ADF183133F4000B08C3 /* Project object */;
			proxyType = 1;
			remoteGlobalIDString = EA203AE6183133F4000B08C3;
			remoteInfo = qicheng;
		};
/* End PBXContainerItemProxy section */

/* Begin PBXFileReference section */
		EA1EC31B1838B60F00F46176 /* CLoginInfo.h */ = {isa = PBXFileReference; fileEncoding = 4; lastKnownFileType = sourcecode.c.h; name = CLoginInfo.h; path = Login/CLoginInfo.h; sourceTree = "<group>"; };
		EA1EC31C1838B60F00F46176 /* CLoginInfo.m */ = {isa = PBXFileReference; fileEncoding = 4; lastKnownFileType = sourcecode.c.objc; name = CLoginInfo.m; path = Login/CLoginInfo.m; sourceTree = "<group>"; };
		EA1EC3221838FA5300F46176 /* bg3.jpg */ = {isa = PBXFileReference; lastKnownFileType = image.jpeg; name = bg3.jpg; path = Resource/bg3.jpg; sourceTree = "<group>"; };
		EA203AE7183133F4000B08C3 /* qicheng.app */ = {isa = PBXFileReference; explicitFileType = wrapper.application; includeInIndex = 0; path = qicheng.app; sourceTree = BUILT_PRODUCTS_DIR; };
		EA203AEA183133F4000B08C3 /* Foundation.framework */ = {isa = PBXFileReference; lastKnownFileType = wrapper.framework; name = Foundation.framework; path = System/Library/Frameworks/Foundation.framework; sourceTree = SDKROOT; };
		EA203AEC183133F4000B08C3 /* CoreGraphics.framework */ = {isa = PBXFileReference; lastKnownFileType = wrapper.framework; name = CoreGraphics.framework; path = System/Library/Frameworks/CoreGraphics.framework; sourceTree = SDKROOT; };
		EA203AEE183133F4000B08C3 /* UIKit.framework */ = {isa = PBXFileReference; lastKnownFileType = wrapper.framework; name = UIKit.framework; path = System/Library/Frameworks/UIKit.framework; sourceTree = SDKROOT; };
		EA203AF2183133F4000B08C3 /* qicheng-Info.plist */ = {isa = PBXFileReference; lastKnownFileType = text.plist.xml; path = "qicheng-Info.plist"; sourceTree = "<group>"; };
		EA203AF4183133F4000B08C3 /* en */ = {isa = PBXFileReference; lastKnownFileType = text.plist.strings; name = en; path = en.lproj/InfoPlist.strings; sourceTree = "<group>"; };
		EA203AF6183133F4000B08C3 /* main.m */ = {isa = PBXFileReference; lastKnownFileType = sourcecode.c.objc; path = main.m; sourceTree = "<group>"; };
		EA203AF8183133F4000B08C3 /* qicheng-Prefix.pch */ = {isa = PBXFileReference; lastKnownFileType = sourcecode.c.h; path = "qicheng-Prefix.pch"; sourceTree = "<group>"; };
		EA203AF9183133F4000B08C3 /* AppDelegate.h */ = {isa = PBXFileReference; lastKnownFileType = sourcecode.c.h; path = AppDelegate.h; sourceTree = "<group>"; };
		EA203AFA183133F4000B08C3 /* AppDelegate.m */ = {isa = PBXFileReference; lastKnownFileType = sourcecode.c.objc; path = AppDelegate.m; sourceTree = "<group>"; };
		EA203AFC183133F4000B08C3 /* Images.xcassets */ = {isa = PBXFileReference; lastKnownFileType = folder.assetcatalog; path = Images.xcassets; sourceTree = "<group>"; };
		EA203B02183133F4000B08C3 /* qichengTests.xctest */ = {isa = PBXFileReference; explicitFileType = wrapper.cfbundle; includeInIndex = 0; path = qichengTests.xctest; sourceTree = BUILT_PRODUCTS_DIR; };
		EA203B03183133F4000B08C3 /* XCTest.framework */ = {isa = PBXFileReference; lastKnownFileType = wrapper.framework; name = XCTest.framework; path = Library/Frameworks/XCTest.framework; sourceTree = DEVELOPER_DIR; };
		EA203B0B183133F4000B08C3 /* qichengTests-Info.plist */ = {isa = PBXFileReference; lastKnownFileType = text.plist.xml; path = "qichengTests-Info.plist"; sourceTree = "<group>"; };
		EA203B0D183133F4000B08C3 /* en */ = {isa = PBXFileReference; lastKnownFileType = text.plist.strings; name = en; path = en.lproj/InfoPlist.strings; sourceTree = "<group>"; };
		EA203B0F183133F4000B08C3 /* qichengTests.m */ = {isa = PBXFileReference; lastKnownFileType = sourcecode.c.objc; path = qichengTests.m; sourceTree = "<group>"; };
		EA203B1A1831356A000B08C3 /* LoginViewController.h */ = {isa = PBXFileReference; fileEncoding = 4; lastKnownFileType = sourcecode.c.h; name = LoginViewController.h; path = Login/LoginViewController.h; sourceTree = "<group>"; };
		EA203B1B1831356A000B08C3 /* LoginViewController.m */ = {isa = PBXFileReference; fileEncoding = 4; lastKnownFileType = sourcecode.c.objc; name = LoginViewController.m; path = Login/LoginViewController.m; sourceTree = "<group>"; };
		EA6E4C771837A7AF00202A38 /* AsyncSocket.h */ = {isa = PBXFileReference; fileEncoding = 4; lastKnownFileType = sourcecode.c.h; name = AsyncSocket.h; path = AsyncSocket/AsyncSocket.h; sourceTree = "<group>"; };
		EA6E4C781837A7AF00202A38 /* AsyncSocket.m */ = {isa = PBXFileReference; fileEncoding = 4; lastKnownFileType = sourcecode.c.objc; name = AsyncSocket.m; path = AsyncSocket/AsyncSocket.m; sourceTree = "<group>"; };
		EA6E4C791837A7AF00202A38 /* AsyncUdpSocket.h */ = {isa = PBXFileReference; fileEncoding = 4; lastKnownFileType = sourcecode.c.h; name = AsyncUdpSocket.h; path = AsyncSocket/AsyncUdpSocket.h; sourceTree = "<group>"; };
		EA6E4C7A1837A7AF00202A38 /* AsyncUdpSocket.m */ = {isa = PBXFileReference; fileEncoding = 4; lastKnownFileType = sourcecode.c.objc; name = AsyncUdpSocket.m; path = AsyncSocket/AsyncUdpSocket.m; sourceTree = "<group>"; };
		EA6E4C7D1837BA4B00202A38 /* CFNetwork.framework */ = {isa = PBXFileReference; lastKnownFileType = wrapper.framework; name = CFNetwork.framework; path = System/Library/Frameworks/CFNetwork.framework; sourceTree = SDKROOT; };
/* End PBXFileReference section */

/* Begin PBXFrameworksBuildPhase section */
		EA203AE4183133F4000B08C3 /* Frameworks */ = {
			isa = PBXFrameworksBuildPhase;
			buildActionMask = 2147483647;
			files = (
				EA6E4C7E1837BA4B00202A38 /* CFNetwork.framework in Frameworks */,
				EA203AED183133F4000B08C3 /* CoreGraphics.framework in Frameworks */,
				EA203AEF183133F4000B08C3 /* UIKit.framework in Frameworks */,
				EA203AEB183133F4000B08C3 /* Foundation.framework in Frameworks */,
			);
			runOnlyForDeploymentPostprocessing = 0;
		};
		EA203AFF183133F4000B08C3 /* Frameworks */ = {
			isa = PBXFrameworksBuildPhase;
			buildActionMask = 2147483647;
			files = (
				EA203B04183133F4000B08C3 /* XCTest.framework in Frameworks */,
				EA203B06183133F4000B08C3 /* UIKit.framework in Frameworks */,
				EA203B05183133F4000B08C3 /* Foundation.framework in Frameworks */,
			);
			runOnlyForDeploymentPostprocessing = 0;
		};
/* End PBXFrameworksBuildPhase section */

/* Begin PBXGroup section */
		EA203ADE183133F4000B08C3 = {
			isa = PBXGroup;
			children = (
				EA203AF0183133F4000B08C3 /* qicheng */,
				EA203B09183133F4000B08C3 /* qichengTests */,
				EA203AE9183133F4000B08C3 /* Frameworks */,
				EA203AE8183133F4000B08C3 /* Products */,
			);
			sourceTree = "<group>";
		};
		EA203AE8183133F4000B08C3 /* Products */ = {
			isa = PBXGroup;
			children = (
				EA203AE7183133F4000B08C3 /* qicheng.app */,
				EA203B02183133F4000B08C3 /* qichengTests.xctest */,
			);
			name = Products;
			sourceTree = "<group>";
		};
		EA203AE9183133F4000B08C3 /* Frameworks */ = {
			isa = PBXGroup;
			children = (
				EA6E4C7D1837BA4B00202A38 /* CFNetwork.framework */,
				EA203AEA183133F4000B08C3 /* Foundation.framework */,
				EA203AEC183133F4000B08C3 /* CoreGraphics.framework */,
				EA203AEE183133F4000B08C3 /* UIKit.framework */,
				EA203B03183133F4000B08C3 /* XCTest.framework */,
			);
			name = Frameworks;
			sourceTree = "<group>";
		};
		EA203AF0183133F4000B08C3 /* qicheng */ = {
			isa = PBXGroup;
			children = (
				EA6E4C7F1837DBDA00202A38 /* Resource */,
				EA6E4C701837A71F00202A38 /* AsyncSocket */,
				EA203B1918313541000B08C3 /* Login */,
				EA203AFA183133F4000B08C3 /* AppDelegate.m */,
				EA203AF9183133F4000B08C3 /* AppDelegate.h */,
				EA203AFC183133F4000B08C3 /* Images.xcassets */,
				EA203AF1183133F4000B08C3 /* Supporting Files */,
			);
			path = qicheng;
			sourceTree = "<group>";
		};
		EA203AF1183133F4000B08C3 /* Supporting Files */ = {
			isa = PBXGroup;
			children = (
				EA203AF2183133F4000B08C3 /* qicheng-Info.plist */,
				EA203AF3183133F4000B08C3 /* InfoPlist.strings */,
				EA203AF6183133F4000B08C3 /* main.m */,
				EA203AF8183133F4000B08C3 /* qicheng-Prefix.pch */,
			);
			name = "Supporting Files";
			sourceTree = "<group>";
		};
		EA203B09183133F4000B08C3 /* qichengTests */ = {
			isa = PBXGroup;
			children = (
				EA203B0F183133F4000B08C3 /* qichengTests.m */,
				EA203B0A183133F4000B08C3 /* Supporting Files */,
			);
			path = qichengTests;
			sourceTree = "<group>";
		};
		EA203B0A183133F4000B08C3 /* Supporting Files */ = {
			isa = PBXGroup;
			children = (
				EA203B0B183133F4000B08C3 /* qichengTests-Info.plist */,
				EA203B0C183133F4000B08C3 /* InfoPlist.strings */,
			);
			name = "Supporting Files";
			sourceTree = "<group>";
		};
		EA203B1918313541000B08C3 /* Login */ = {
			isa = PBXGroup;
			children = (
				EA203B1A1831356A000B08C3 /* LoginViewController.h */,
				EA203B1B1831356A000B08C3 /* LoginViewController.m */,
				EA1EC31B1838B60F00F46176 /* CLoginInfo.h */,
				EA1EC31C1838B60F00F46176 /* CLoginInfo.m */,
			);
			name = Login;
			sourceTree = "<group>";
		};
		EA6E4C701837A71F00202A38 /* AsyncSocket */ = {
			isa = PBXGroup;
			children = (
				EA6E4C771837A7AF00202A38 /* AsyncSocket.h */,
				EA6E4C781837A7AF00202A38 /* AsyncSocket.m */,
				EA6E4C791837A7AF00202A38 /* AsyncUdpSocket.h */,
				EA6E4C7A1837A7AF00202A38 /* AsyncUdpSocket.m */,
			);
			name = AsyncSocket;
			sourceTree = "<group>";
		};
		EA6E4C7F1837DBDA00202A38 /* Resource */ = {
			isa = PBXGroup;
			children = (
				EA1EC3221838FA5300F46176 /* bg3.jpg */,
			);
			name = Resource;
			sourceTree = "<group>";
		};
/* End PBXGroup section */

/* Begin PBXNativeTarget section */
		EA203AE6183133F4000B08C3 /* qicheng */ = {
			isa = PBXNativeTarget;
			buildConfigurationList = EA203B13183133F4000B08C3 /* Build configuration list for PBXNativeTarget "qicheng" */;
			buildPhases = (
				EA203AE3183133F4000B08C3 /* Sources */,
				EA203AE4183133F4000B08C3 /* Frameworks */,
				EA203AE5183133F4000B08C3 /* Resources */,
			);
			buildRules = (
			);
			dependencies = (
			);
			name = qicheng;
			productName = qicheng;
			productReference = EA203AE7183133F4000B08C3 /* qicheng.app */;
			productType = "com.apple.product-type.application";
		};
		EA203B01183133F4000B08C3 /* qichengTests */ = {
			isa = PBXNativeTarget;
			buildConfigurationList = EA203B16183133F4000B08C3 /* Build configuration list for PBXNativeTarget "qichengTests" */;
			buildPhases = (
				EA203AFE183133F4000B08C3 /* Sources */,
				EA203AFF183133F4000B08C3 /* Frameworks */,
				EA203B00183133F4000B08C3 /* Resources */,
			);
			buildRules = (
			);
			dependencies = (
				EA203B08183133F4000B08C3 /* PBXTargetDependency */,
			);
			name = qichengTests;
			productName = qichengTests;
			productReference = EA203B02183133F4000B08C3 /* qichengTests.xctest */;
			productType = "com.apple.product-type.bundle.unit-test";
		};
/* End PBXNativeTarget section */

/* Begin PBXProject section */
		EA203ADF183133F4000B08C3 /* Project object */ = {
			isa = PBXProject;
			attributes = {
				LastUpgradeCheck = 0500;
				ORGANIZATIONNAME = tony;
				TargetAttributes = {
					EA203B01183133F4000B08C3 = {
						TestTargetID = EA203AE6183133F4000B08C3;
					};
				};
			};
			buildConfigurationList = EA203AE2183133F4000B08C3 /* Build configuration list for PBXProject "qicheng" */;
			compatibilityVersion = "Xcode 3.2";
			developmentRegion = English;
			hasScannedForEncodings = 0;
			knownRegions = (
				en,
			);
			mainGroup = EA203ADE183133F4000B08C3;
			productRefGroup = EA203AE8183133F4000B08C3 /* Products */;
			projectDirPath = "";
			projectRoot = "";
			targets = (
				EA203AE6183133F4000B08C3 /* qicheng */,
				EA203B01183133F4000B08C3 /* qichengTests */,
			);
		};
/* End PBXProject section */

/* Begin PBXResourcesBuildPhase section */
		EA203AE5183133F4000B08C3 /* Resources */ = {
			isa = PBXResourcesBuildPhase;
			buildActionMask = 2147483647;
			files = (
				EA1EC3231838FA5300F46176 /* bg3.jpg in Resources */,
				EA203AF5183133F4000B08C3 /* InfoPlist.strings in Resources */,
				EA203AFD183133F4000B08C3 /* Images.xcassets in Resources */,
			);
			runOnlyForDeploymentPostprocessing = 0;
		};
		EA203B00183133F4000B08C3 /* Resources */ = {
			isa = PBXResourcesBuildPhase;
			buildActionMask = 2147483647;
			files = (
				EA203B0E183133F4000B08C3 /* InfoPlist.strings in Resources */,
			);
			runOnlyForDeploymentPostprocessing = 0;
		};
/* End PBXResourcesBuildPhase section */

/* Begin PBXSourcesBuildPhase section */
		EA203AE3183133F4000B08C3 /* Sources */ = {
			isa = PBXSourcesBuildPhase;
			buildActionMask = 2147483647;
			files = (
				EA203AFB183133F4000B08C3 /* AppDelegate.m in Sources */,
				EA6E4C7C1837A7AF00202A38 /* AsyncUdpSocket.m in Sources */,
				EA203AF7183133F4000B08C3 /* main.m in Sources */,
				EA1EC31D1838B60F00F46176 /* CLoginInfo.m in Sources */,
				EA203B1C1831356A000B08C3 /* LoginViewController.m in Sources */,
				EA6E4C7B1837A7AF00202A38 /* AsyncSocket.m in Sources */,
			);
			runOnlyForDeploymentPostprocessing = 0;
		};
		EA203AFE183133F4000B08C3 /* Sources */ = {
			isa = PBXSourcesBuildPhase;
			buildActionMask = 2147483647;
			files = (
				EA203B10183133F4000B08C3 /* qichengTests.m in Sources */,
			);
			runOnlyForDeploymentPostprocessing = 0;
		};
/* End PBXSourcesBuildPhase section */

/* Begin PBXTargetDependency section */
		EA203B08183133F4000B08C3 /* PBXTargetDependency */ = {
			isa = PBXTargetDependency;
			target = EA203AE6183133F4000B08C3 /* qicheng */;
			targetProxy = EA203B07183133F4000B08C3 /* PBXContainerItemProxy */;
		};
/* End PBXTargetDependency section */

/* Begin PBXVariantGroup section */
		EA203AF3183133F4000B08C3 /* InfoPlist.strings */ = {
			isa = PBXVariantGroup;
			children = (
				EA203AF4183133F4000B08C3 /* en */,
			);
			name = InfoPlist.strings;
			sourceTree = "<group>";
		};
		EA203B0C183133F4000B08C3 /* InfoPlist.strings */ = {
			isa = PBXVariantGroup;
			children = (
				EA203B0D183133F4000B08C3 /* en */,
			);
			name = InfoPlist.strings;
			sourceTree = "<group>";
		};
/* End PBXVariantGroup section */

/* Begin XCBuildConfiguration section */
		EA203B11183133F4000B08C3 /* Debug */ = {
			isa = XCBuildConfiguration;
			buildSettings = {
				ALWAYS_SEARCH_USER_PATHS = NO;
				ARCHS = "$(ARCHS_STANDARD_INCLUDING_64_BIT)";
				CLANG_CXX_LANGUAGE_STANDARD = "gnu++0x";
				CLANG_CXX_LIBRARY = "libc++";
				CLANG_ENABLE_MODULES = YES;
				CLANG_ENABLE_OBJC_ARC = YES;
				CLANG_WARN_BOOL_CONVERSION = YES;
				CLANG_WARN_CONSTANT_CONVERSION = YES;
				CLANG_WARN_DIRECT_OBJC_ISA_USAGE = YES_ERROR;
				CLANG_WARN_EMPTY_BODY = YES;
				CLANG_WARN_ENUM_CONVERSION = YES;
				CLANG_WARN_INT_CONVERSION = YES;
				CLANG_WARN_OBJC_ROOT_CLASS = YES_ERROR;
				CLANG_WARN__DUPLICATE_METHOD_MATCH = YES;
				"CODE_SIGN_IDENTITY[sdk=iphoneos*]" = "iPhone Developer";
				COPY_PHASE_STRIP = NO;
				GCC_C_LANGUAGE_STANDARD = gnu99;
				GCC_DYNAMIC_NO_PIC = NO;
				GCC_OPTIMIZATION_LEVEL = 0;
				GCC_PREPROCESSOR_DEFINITIONS = (
					"DEBUG=1",
					"$(inherited)",
				);
				GCC_SYMBOLS_PRIVATE_EXTERN = NO;
				GCC_WARN_64_TO_32_BIT_CONVERSION = YES;
				GCC_WARN_ABOUT_RETURN_TYPE = YES_ERROR;
				GCC_WARN_UNDECLARED_SELECTOR = YES;
				GCC_WARN_UNINITIALIZED_AUTOS = YES;
				GCC_WARN_UNUSED_FUNCTION = YES;
				GCC_WARN_UNUSED_VARIABLE = YES;
				IPHONEOS_DEPLOYMENT_TARGET = 7.0;
				ONLY_ACTIVE_ARCH = YES;
				SDKROOT = iphoneos;
			};
			name = Debug;
		};
		EA203B12183133F4000B08C3 /* Release */ = {
			isa = XCBuildConfiguration;
			buildSettings = {
				ALWAYS_SEARCH_USER_PATHS = NO;
				ARCHS = "$(ARCHS_STANDARD_INCLUDING_64_BIT)";
				CLANG_CXX_LANGUAGE_STANDARD = "gnu++0x";
				CLANG_CXX_LIBRARY = "libc++";
				CLANG_ENABLE_MODULES = YES;
				CLANG_ENABLE_OBJC_ARC = YES;
				CLANG_WARN_BOOL_CONVERSION = YES;
				CLANG_WARN_CONSTANT_CONVERSION = YES;
				CLANG_WARN_DIRECT_OBJC_ISA_USAGE = YES_ERROR;
				CLANG_WARN_EMPTY_BODY = YES;
				CLANG_WARN_ENUM_CONVERSION = YES;
				CLANG_WARN_INT_CONVERSION = YES;
				CLANG_WARN_OBJC_ROOT_CLASS = YES_ERROR;
				CLANG_WARN__DUPLICATE_METHOD_MATCH = YES;
				"CODE_SIGN_IDENTITY[sdk=iphoneos*]" = "iPhone Developer";
				COPY_PHASE_STRIP = YES;
				ENABLE_NS_ASSERTIONS = NO;
				GCC_C_LANGUAGE_STANDARD = gnu99;
				GCC_WARN_64_TO_32_BIT_CONVERSION = YES;
				GCC_WARN_ABOUT_RETURN_TYPE = YES_ERROR;
				GCC_WARN_UNDECLARED_SELECTOR = YES;
				GCC_WARN_UNINITIALIZED_AUTOS = YES;
				GCC_WARN_UNUSED_FUNCTION = YES;
				GCC_WARN_UNUSED_VARIABLE = YES;
				IPHONEOS_DEPLOYMENT_TARGET = 7.0;
				SDKROOT = iphoneos;
				VALIDATE_PRODUCT = YES;
			};
			name = Release;
		};
		EA203B14183133F4000B08C3 /* Debug */ = {
			isa = XCBuildConfiguration;
			buildSettings = {
				ASSETCATALOG_COMPILER_APPICON_NAME = AppIcon;
				ASSETCATALOG_COMPILER_LAUNCHIMAGE_NAME = LaunchImage;
				CLANG_ENABLE_OBJC_ARC = NO;
				CLANG_WARN__ARC_BRIDGE_CAST_NONARC = YES;
				GCC_PRECOMPILE_PREFIX_HEADER = YES;
				GCC_PREFIX_HEADER = "qicheng/qicheng-Prefix.pch";
				INFOPLIST_FILE = "qicheng/qicheng-Info.plist";
				PRODUCT_NAME = "$(TARGET_NAME)";
				WRAPPER_EXTENSION = app;
			};
			name = Debug;
		};
		EA203B15183133F4000B08C3 /* Release */ = {
			isa = XCBuildConfiguration;
			buildSettings = {
				ASSETCATALOG_COMPILER_APPICON_NAME = AppIcon;
				ASSETCATALOG_COMPILER_LAUNCHIMAGE_NAME = LaunchImage;
				CLANG_ENABLE_OBJC_ARC = NO;
				CLANG_WARN__ARC_BRIDGE_CAST_NONARC = YES;
				GCC_PRECOMPILE_PREFIX_HEADER = YES;
				GCC_PREFIX_HEADER = "qicheng/qicheng-Prefix.pch";
				INFOPLIST_FILE = "qicheng/qicheng-Info.plist";
				PRODUCT_NAME = "$(TARGET_NAME)";
				WRAPPER_EXTENSION = app;
			};
			name = Release;
		};
		EA203B17183133F4000B08C3 /* Debug */ = {
			isa = XCBuildConfiguration;
			buildSettings = {
				ARCHS = "$(ARCHS_STANDARD_INCLUDING_64_BIT)";
				BUNDLE_LOADER = "$(BUILT_PRODUCTS_DIR)/qicheng.app/qicheng";
				FRAMEWORK_SEARCH_PATHS = (
					"$(SDKROOT)/Developer/Library/Frameworks",
					"$(inherited)",
					"$(DEVELOPER_FRAMEWORKS_DIR)",
				);
				GCC_PRECOMPILE_PREFIX_HEADER = YES;
				GCC_PREFIX_HEADER = "qicheng/qicheng-Prefix.pch";
				GCC_PREPROCESSOR_DEFINITIONS = (
					"DEBUG=1",
					"$(inherited)",
				);
				INFOPLIST_FILE = "qichengTests/qichengTests-Info.plist";
				PRODUCT_NAME = "$(TARGET_NAME)";
				TEST_HOST = "$(BUNDLE_LOADER)";
				WRAPPER_EXTENSION = xctest;
			};
			name = Debug;
		};
		EA203B18183133F4000B08C3 /* Release */ = {
			isa = XCBuildConfiguration;
			buildSettings = {
				ARCHS = "$(ARCHS_STANDARD_INCLUDING_64_BIT)";
				BUNDLE_LOADER = "$(BUILT_PRODUCTS_DIR)/qicheng.app/qicheng";
				FRAMEWORK_SEARCH_PATHS = (
					"$(SDKROOT)/Developer/Library/Frameworks",
					"$(inherited)",
					"$(DEVELOPER_FRAMEWORKS_DIR)",
				);
				GCC_PRECOMPILE_PREFIX_HEADER = YES;
				GCC_PREFIX_HEADER = "qicheng/qicheng-Prefix.pch";
				INFOPLIST_FILE = "qichengTests/qichengTests-Info.plist";
				PRODUCT_NAME = "$(TARGET_NAME)";
				TEST_HOST = "$(BUNDLE_LOADER)";
				WRAPPER_EXTENSION = xctest;
			};
			name = Release;
		};
/* End XCBuildConfiguration section */

/* Begin XCConfigurationList section */
		EA203AE2183133F4000B08C3 /* Build configuration list for PBXProject "qicheng" */ = {
			isa = XCConfigurationList;
			buildConfigurations = (
				EA203B11183133F4000B08C3 /* Debug */,
				EA203B12183133F4000B08C3 /* Release */,
			);
			defaultConfigurationIsVisible = 0;
			defaultConfigurationName = Release;
		};
		EA203B13183133F4000B08C3 /* Build configuration list for PBXNativeTarget "qicheng" */ = {
			isa = XCConfigurationList;
			buildConfigurations = (
				EA203B14183133F4000B08C3 /* Debug */,
				EA203B15183133F4000B08C3 /* Release */,
			);
			defaultConfigurationIsVisible = 0;
			defaultConfigurationName = Release;
		};
		EA203B16183133F4000B08C3 /* Build configuration list for PBXNativeTarget "qichengTests" */ = {
			isa = XCConfigurationList;
			buildConfigurations = (
				EA203B17183133F4000B08C3 /* Debug */,
				EA203B18183133F4000B08C3 /* Release */,
			);
			defaultConfigurationIsVisible = 0;
			defaultConfigurationName = Release;
		};
/* End XCConfigurationList section */
	};
	rootObject = EA203ADF183133F4000B08C3 /* Project object */;
}
